// !$*UTF8*$!
{
	archiveVersion = 1;
	classes = {
	};
	objectVersion = 46;
	objects = {

/* Begin PBXBuildFile section */
		01740B6B17D467D100F9330F /* RoomService.cpp in Sources */ = {isa = PBXBuildFile; fileRef = 01740B6A17D467D100F9330F /* RoomService.cpp */; };
/* End PBXBuildFile section */

/* Begin PBXFileReference section */
		01740B5F17D4663700F9330F /* lib204lab4.dylib */ = {isa = PBXFileReference; explicitFileType = "compiled.mach-o.dylib"; includeInIndex = 0; path = lib204lab4.dylib; sourceTree = BUILT_PRODUCTS_DIR; };
		01740B6A17D467D100F9330F /* RoomService.cpp */ = {isa = PBXFileReference; fileEncoding = 4; lastKnownFileType = sourcecode.cpp.cpp; path = RoomService.cpp; sourceTree = "<group>"; };
/* End PBXFileReference section */

/* Begin PBXFrameworksBuildPhase section */
		01740B5C17D4663700F9330F /* Frameworks */ = {
			isa = PBXFrameworksBuildPhase;
			buildActionMask = 2147483647;
			files = (
			);
			runOnlyForDeploymentPostprocessing = 0;
		};
/* End PBXFrameworksBuildPhase section */

/* Begin PBXGroup section */
		01740B5417D4663700F9330F = {
			isa = PBXGroup;
			children = (
				01740B6A17D467D100F9330F /* RoomService.cpp */,
				01740B6017D4663700F9330F /* Products */,
			);
			sourceTree = "<group>";
		};
		01740B6017D4663700F9330F /* Products */ = {
			isa = PBXGroup;
			children = (
				01740B5F17D4663700F9330F /* lib204lab4.dylib */,
			);
			name = Products;
			sourceTree = "<group>";
		};
/* End PBXGroup section */

/* Begin PBXHeadersBuildPhase section */
		01740B5D17D4663700F9330F /* Headers */ = {
			isa = PBXHeadersBuildPhase;
			buildActionMask = 2147483647;
			files = (
			);
			runOnlyForDeploymentPostprocessing = 0;
		};
/* End PBXHeadersBuildPhase section */

/* Begin PBXNativeTarget section */
		01740B5E17D4663700F9330F /* 204lab4 */ = {
			isa = PBXNativeTarget;
			buildConfigurationList = 01740B6317D4663700F9330F /* Build configuration list for PBXNativeTarget "204lab4" */;
			buildPhases = (
				01740B5B17D4663700F9330F /* Sources */,
				01740B5C17D4663700F9330F /* Frameworks */,
				01740B5D17D4663700F9330F /* Headers */,
			);
			buildRules = (
			);
			dependencies = (
			);
			name = 204lab4;
			productName = 204lab4;
			productReference = 01740B5F17D4663700F9330F /* lib204lab4.dylib */;
			productType = "com.apple.product-type.library.dynamic";
		};
/* End PBXNativeTarget section */

/* Begin PBXProject section */
		01740B5617D4663700F9330F /* Project object */ = {
			isa = PBXProject;
			attributes = {
				LastUpgradeCheck = 0450;
				ORGANIZATIONNAME = "Jiasheng Zhou";
			};
			buildConfigurationList = 01740B5917D4663700F9330F /* Build configuration list for PBXProject "204lab4" */;
			compatibilityVersion = "Xcode 3.2";
			developmentRegion = English;
			hasScannedForEncodings = 0;
			knownRegions = (
				en,
			);
			mainGroup = 01740B5417D4663700F9330F;
			productRefGroup = 01740B6017D4663700F9330F /* Products */;
			projectDirPath = "";
			projectRoot = "";
			targets = (
				01740B5E17D4663700F9330F /* 204lab4 */,
			);
		};
/* End PBXProject section */

/* Begin PBXSourcesBuildPhase section */
		01740B5B17D4663700F9330F /* Sources */ = {
			isa = PBXSourcesBuildPhase;
			buildActionMask = 2147483647;
			files = (
				01740B6B17D467D100F9330F /* RoomService.cpp in Sources */,
			);
			runOnlyForDeploymentPostprocessing = 0;
		};
/* End PBXSourcesBuildPhase section */

/* Begin XCBuildConfiguration section */
		01740B6117D4663700F9330F /* Debug */ = {
			isa = XCBuildConfiguration;
			buildSettings = {
				ALWAYS_SEARCH_USER_PATHS = NO;
				ARCHS = "$(ARCHS_STANDARD_64_BIT)";
				CLANG_CXX_LANGUAGE_STANDARD = "gnu++0x";
				CLANG_CXX_LIBRARY = "libc++";
				CLANG_ENABLE_OBJC_ARC = YES;
				CLANG_WARN_EMPTY_BODY = YES;
				CLANG_WARN__DUPLICATE_METHOD_MATCH = YES;
				COPY_PHASE_STRIP = NO;
				GCC_C_LANGUAGE_STANDARD = gnu99;
				GCC_DYNAMIC_NO_PIC = NO;
				GCC_ENABLE_OBJC_EXCEPTIONS = YES;
				GCC_OPTIMIZATION_LEVEL = 0;
				GCC_PREPROCESSOR_DEFINITIONS = (
					"DEBUG=1",
					"$(inherited)",
				);
				GCC_SYMBOLS_PRIVATE_EXTERN = NO;
				GCC_WARN_64_TO_32_BIT_CONVERSION = YES;
				GCC_WARN_ABOUT_RETURN_TYPE = YES;
				GCC_WARN_UNINITIALIZED_AUTOS = YES;
				GCC_WARN_UNUSED_VARIABLE = YES;
				MACOSX_DEPLOYMENT_TARGET = 10.8;
				ONLY_ACTIVE_ARCH = YES;
				SDKROOT = macosx;
			};
			name = Debug;
		};
		01740B6217D4663700F9330F /* Release */ = {
			isa = XCBuildConfiguration;
			buildSettings = {
				ALWAYS_SEARCH_USER_PATHS = NO;
				ARCHS = "$(ARCHS_STANDARD_64_BIT)";
				CLANG_CXX_LANGUAGE_STANDARD = "gnu++0x";
				CLANG_CXX_LIBRARY = "libc++";
				CLANG_ENABLE_OBJC_ARC = YES;
				CLANG_WARN_EMPTY_BODY = YES;
				CLANG_WARN__DUPLICATE_METHOD_MATCH = YES;
				COPY_PHASE_STRIP = YES;
				DEBUG_INFORMATION_FORMAT = "dwarf-with-dsym";
				GCC_C_LANGUAGE_STANDARD = gnu99;
				GCC_ENABLE_OBJC_EXCEPTIONS = YES;
				GCC_WARN_64_TO_32_BIT_CONVERSION = YES;
				GCC_WARN_ABOUT_RETURN_TYPE = YES;
				GCC_WARN_UNINITIALIZED_AUTOS = YES;
				GCC_WARN_UNUSED_VARIABLE = YES;
				MACOSX_DEPLOYMENT_TARGET = 10.8;
				SDKROOT = macosx;
			};
			name = Release;
		};
		01740B6417D4663700F9330F /* Debug */ = {
			isa = XCBuildConfiguration;
			buildSettings = {
				EXECUTABLE_PREFIX = lib;
				PRODUCT_NAME = "$(TARGET_NAME)";
			};
			name = Debug;
		};
		01740B6517D4663700F9330F /* Release */ = {
			isa = XCBuildConfiguration;
			buildSettings = {
				EXECUTABLE_PREFIX = lib;
				PRODUCT_NAME = "$(TARGET_NAME)";
			};
			name = Release;
		};
/* End XCBuildConfiguration section */

/* Begin XCConfigurationList section */
		01740B5917D4663700F9330F /* Build configuration list for PBXProject "204lab4" */ = {
			isa = XCConfigurationList;
			buildConfigurations = (
				01740B6117D4663700F9330F /* Debug */,
				01740B6217D4663700F9330F /* Release */,
			);
			defaultConfigurationIsVisible = 0;
			defaultConfigurationName = Release;
		};
		01740B6317D4663700F9330F /* Build configuration list for PBXNativeTarget "204lab4" */ = {
			isa = XCConfigurationList;
			buildConfigurations = (
				01740B6417D4663700F9330F /* Debug */,
				01740B6517D4663700F9330F /* Release */,
			);
			defaultConfigurationIsVisible = 0;
			defaultConfigurationName = Release;
		};
/* End XCConfigurationList section */
	};
	rootObject = 01740B5617D4663700F9330F /* Project object */;
}
