// !$*UTF8*$!
{
	archiveVersion = 1;
	classes = {
	};
	objectVersion = 46;
	objects = {

/* Begin PBXBuildFile section */
		01B9604F1857D6B700584271 /* Foundation.framework in Frameworks */ = {isa = PBXBuildFile; fileRef = 01B9604E1857D6B700584271 /* Foundation.framework */; };
		01B960511857D6B700584271 /* CoreGraphics.framework in Frameworks */ = {isa = PBXBuildFile; fileRef = 01B960501857D6B700584271 /* CoreGraphics.framework */; };
		01B960531857D6B700584271 /* UIKit.framework in Frameworks */ = {isa = PBXBuildFile; fileRef = 01B960521857D6B700584271 /* UIKit.framework */; };
		01B960591857D6B700584271 /* InfoPlist.strings in Resources */ = {isa = PBXBuildFile; fileRef = 01B960571857D6B700584271 /* InfoPlist.strings */; };
		01B9605B1857D6B700584271 /* main.m in Sources */ = {isa = PBXBuildFile; fileRef = 01B9605A1857D6B700584271 /* main.m */; };
		01B9605F1857D6B700584271 /* AppDelegate.m in Sources */ = {isa = PBXBuildFile; fileRef = 01B9605E1857D6B700584271 /* AppDelegate.m */; };
		01B960621857D6B700584271 /* Main.storyboard in Resources */ = {isa = PBXBuildFile; fileRef = 01B960601857D6B700584271 /* Main.storyboard */; };
		01B960651857D6B700584271 /* ViewController.m in Sources */ = {isa = PBXBuildFile; fileRef = 01B960641857D6B700584271 /* ViewController.m */; };
		01B960671857D6B700584271 /* Images.xcassets in Resources */ = {isa = PBXBuildFile; fileRef = 01B960661857D6B700584271 /* Images.xcassets */; };
		01B9606E1857D6B700584271 /* XCTest.framework in Frameworks */ = {isa = PBXBuildFile; fileRef = 01B9606D1857D6B700584271 /* XCTest.framework */; };
		01B9606F1857D6B700584271 /* Foundation.framework in Frameworks */ = {isa = PBXBuildFile; fileRef = 01B9604E1857D6B700584271 /* Foundation.framework */; };
		01B960701857D6B700584271 /* UIKit.framework in Frameworks */ = {isa = PBXBuildFile; fileRef = 01B960521857D6B700584271 /* UIKit.framework */; };
		01B960781857D6B700584271 /* InfoPlist.strings in Resources */ = {isa = PBXBuildFile; fileRef = 01B960761857D6B700584271 /* InfoPlist.strings */; };
		01B9607A1857D6B700584271 /* SuperCardTests.m in Sources */ = {isa = PBXBuildFile; fileRef = 01B960791857D6B700584271 /* SuperCardTests.m */; };
		01B960851857D6E300584271 /* PlayingCardView.m in Sources */ = {isa = PBXBuildFile; fileRef = 01B960841857D6E300584271 /* PlayingCardView.m */; };
/* End PBXBuildFile section */

/* Begin PBXContainerItemProxy section */
		01B960711857D6B700584271 /* PBXContainerItemProxy */ = {
			isa = PBXContainerItemProxy;
			containerPortal = 01B960431857D6B700584271 /* Project object */;
			proxyType = 1;
			remoteGlobalIDString = 01B9604A1857D6B700584271;
			remoteInfo = SuperCard;
		};
/* End PBXContainerItemProxy section */

/* Begin PBXFileReference section */
		01B9604B1857D6B700584271 /* SuperCard.app */ = {isa = PBXFileReference; explicitFileType = wrapper.application; includeInIndex = 0; path = SuperCard.app; sourceTree = BUILT_PRODUCTS_DIR; };
		01B9604E1857D6B700584271 /* Foundation.framework */ = {isa = PBXFileReference; lastKnownFileType = wrapper.framework; name = Foundation.framework; path = System/Library/Frameworks/Foundation.framework; sourceTree = SDKROOT; };
		01B960501857D6B700584271 /* CoreGraphics.framework */ = {isa = PBXFileReference; lastKnownFileType = wrapper.framework; name = CoreGraphics.framework; path = System/Library/Frameworks/CoreGraphics.framework; sourceTree = SDKROOT; };
		01B960521857D6B700584271 /* UIKit.framework */ = {isa = PBXFileReference; lastKnownFileType = wrapper.framework; name = UIKit.framework; path = System/Library/Frameworks/UIKit.framework; sourceTree = SDKROOT; };
		01B960561857D6B700584271 /* SuperCard-Info.plist */ = {isa = PBXFileReference; lastKnownFileType = text.plist.xml; path = "SuperCard-Info.plist"; sourceTree = "<group>"; };
		01B960581857D6B700584271 /* en */ = {isa = PBXFileReference; lastKnownFileType = text.plist.strings; name = en; path = en.lproj/InfoPlist.strings; sourceTree = "<group>"; };
		01B9605A1857D6B700584271 /* main.m */ = {isa = PBXFileReference; lastKnownFileType = sourcecode.c.objc; path = main.m; sourceTree = "<group>"; };
		01B9605C1857D6B700584271 /* SuperCard-Prefix.pch */ = {isa = PBXFileReference; lastKnownFileType = sourcecode.c.h; path = "SuperCard-Prefix.pch"; sourceTree = "<group>"; };
		01B9605D1857D6B700584271 /* AppDelegate.h */ = {isa = PBXFileReference; lastKnownFileType = sourcecode.c.h; path = AppDelegate.h; sourceTree = "<group>"; };
		01B9605E1857D6B700584271 /* AppDelegate.m */ = {isa = PBXFileReference; lastKnownFileType = sourcecode.c.objc; path = AppDelegate.m; sourceTree = "<group>"; };
		01B960611857D6B700584271 /* Base */ = {isa = PBXFileReference; lastKnownFileType = file.storyboard; name = Base; path = Base.lproj/Main.storyboard; sourceTree = "<group>"; };
		01B960631857D6B700584271 /* ViewController.h */ = {isa = PBXFileReference; lastKnownFileType = sourcecode.c.h; path = ViewController.h; sourceTree = "<group>"; };
		01B960641857D6B700584271 /* ViewController.m */ = {isa = PBXFileReference; lastKnownFileType = sourcecode.c.objc; path = ViewController.m; sourceTree = "<group>"; };
		01B960661857D6B700584271 /* Images.xcassets */ = {isa = PBXFileReference; lastKnownFileType = folder.assetcatalog; path = Images.xcassets; sourceTree = "<group>"; };
		01B9606C1857D6B700584271 /* SuperCardTests.xctest */ = {isa = PBXFileReference; explicitFileType = wrapper.cfbundle; includeInIndex = 0; path = SuperCardTests.xctest; sourceTree = BUILT_PRODUCTS_DIR; };
		01B9606D1857D6B700584271 /* XCTest.framework */ = {isa = PBXFileReference; lastKnownFileType = wrapper.framework; name = XCTest.framework; path = Library/Frameworks/XCTest.framework; sourceTree = DEVELOPER_DIR; };
		01B960751857D6B700584271 /* SuperCardTests-Info.plist */ = {isa = PBXFileReference; lastKnownFileType = text.plist.xml; path = "SuperCardTests-Info.plist"; sourceTree = "<group>"; };
		01B960771857D6B700584271 /* en */ = {isa = PBXFileReference; lastKnownFileType = text.plist.strings; name = en; path = en.lproj/InfoPlist.strings; sourceTree = "<group>"; };
		01B960791857D6B700584271 /* SuperCardTests.m */ = {isa = PBXFileReference; lastKnownFileType = sourcecode.c.objc; path = SuperCardTests.m; sourceTree = "<group>"; };
		01B960831857D6E300584271 /* PlayingCardView.h */ = {isa = PBXFileReference; fileEncoding = 4; lastKnownFileType = sourcecode.c.h; path = PlayingCardView.h; sourceTree = "<group>"; };
		01B960841857D6E300584271 /* PlayingCardView.m */ = {isa = PBXFileReference; fileEncoding = 4; lastKnownFileType = sourcecode.c.objc; path = PlayingCardView.m; sourceTree = "<group>"; };
/* End PBXFileReference section */

/* Begin PBXFrameworksBuildPhase section */
		01B960481857D6B700584271 /* Frameworks */ = {
			isa = PBXFrameworksBuildPhase;
			buildActionMask = 2147483647;
			files = (
				01B960511857D6B700584271 /* CoreGraphics.framework in Frameworks */,
				01B960531857D6B700584271 /* UIKit.framework in Frameworks */,
				01B9604F1857D6B700584271 /* Foundation.framework in Frameworks */,
			);
			runOnlyForDeploymentPostprocessing = 0;
		};
		01B960691857D6B700584271 /* Frameworks */ = {
			isa = PBXFrameworksBuildPhase;
			buildActionMask = 2147483647;
			files = (
				01B9606E1857D6B700584271 /* XCTest.framework in Frameworks */,
				01B960701857D6B700584271 /* UIKit.framework in Frameworks */,
				01B9606F1857D6B700584271 /* Foundation.framework in Frameworks */,
			);
			runOnlyForDeploymentPostprocessing = 0;
		};
/* End PBXFrameworksBuildPhase section */

/* Begin PBXGroup section */
		01B960421857D6B700584271 = {
			isa = PBXGroup;
			children = (
				01B960541857D6B700584271 /* SuperCard */,
				01B960731857D6B700584271 /* SuperCardTests */,
				01B9604D1857D6B700584271 /* Frameworks */,
				01B9604C1857D6B700584271 /* Products */,
			);
			sourceTree = "<group>";
		};
		01B9604C1857D6B700584271 /* Products */ = {
			isa = PBXGroup;
			children = (
				01B9604B1857D6B700584271 /* SuperCard.app */,
				01B9606C1857D6B700584271 /* SuperCardTests.xctest */,
			);
			name = Products;
			sourceTree = "<group>";
		};
		01B9604D1857D6B700584271 /* Frameworks */ = {
			isa = PBXGroup;
			children = (
				01B9604E1857D6B700584271 /* Foundation.framework */,
				01B960501857D6B700584271 /* CoreGraphics.framework */,
				01B960521857D6B700584271 /* UIKit.framework */,
				01B9606D1857D6B700584271 /* XCTest.framework */,
			);
			name = Frameworks;
			sourceTree = "<group>";
		};
		01B960541857D6B700584271 /* SuperCard */ = {
			isa = PBXGroup;
			children = (
				01B9605D1857D6B700584271 /* AppDelegate.h */,
				01B9605E1857D6B700584271 /* AppDelegate.m */,
				01B960601857D6B700584271 /* Main.storyboard */,
				01B960631857D6B700584271 /* ViewController.h */,
				01B960641857D6B700584271 /* ViewController.m */,
				01B960661857D6B700584271 /* Images.xcassets */,
				01B960551857D6B700584271 /* Supporting Files */,
				01B960831857D6E300584271 /* PlayingCardView.h */,
				01B960841857D6E300584271 /* PlayingCardView.m */,
			);
			path = SuperCard;
			sourceTree = "<group>";
		};
		01B960551857D6B700584271 /* Supporting Files */ = {
			isa = PBXGroup;
			children = (
				01B960561857D6B700584271 /* SuperCard-Info.plist */,
				01B960571857D6B700584271 /* InfoPlist.strings */,
				01B9605A1857D6B700584271 /* main.m */,
				01B9605C1857D6B700584271 /* SuperCard-Prefix.pch */,
			);
			name = "Supporting Files";
			sourceTree = "<group>";
		};
		01B960731857D6B700584271 /* SuperCardTests */ = {
			isa = PBXGroup;
			children = (
				01B960791857D6B700584271 /* SuperCardTests.m */,
				01B960741857D6B700584271 /* Supporting Files */,
			);
			path = SuperCardTests;
			sourceTree = "<group>";
		};
		01B960741857D6B700584271 /* Supporting Files */ = {
			isa = PBXGroup;
			children = (
				01B960751857D6B700584271 /* SuperCardTests-Info.plist */,
				01B960761857D6B700584271 /* InfoPlist.strings */,
			);
			name = "Supporting Files";
			sourceTree = "<group>";
		};
/* End PBXGroup section */

/* Begin PBXNativeTarget section */
		01B9604A1857D6B700584271 /* SuperCard */ = {
			isa = PBXNativeTarget;
			buildConfigurationList = 01B9607D1857D6B700584271 /* Build configuration list for PBXNativeTarget "SuperCard" */;
			buildPhases = (
				01B960471857D6B700584271 /* Sources */,
				01B960481857D6B700584271 /* Frameworks */,
				01B960491857D6B700584271 /* Resources */,
			);
			buildRules = (
			);
			dependencies = (
			);
			name = SuperCard;
			productName = SuperCard;
			productReference = 01B9604B1857D6B700584271 /* SuperCard.app */;
			productType = "com.apple.product-type.application";
		};
		01B9606B1857D6B700584271 /* SuperCardTests */ = {
			isa = PBXNativeTarget;
			buildConfigurationList = 01B960801857D6B700584271 /* Build configuration list for PBXNativeTarget "SuperCardTests" */;
			buildPhases = (
				01B960681857D6B700584271 /* Sources */,
				01B960691857D6B700584271 /* Frameworks */,
				01B9606A1857D6B700584271 /* Resources */,
			);
			buildRules = (
			);
			dependencies = (
				01B960721857D6B700584271 /* PBXTargetDependency */,
			);
			name = SuperCardTests;
			productName = SuperCardTests;
			productReference = 01B9606C1857D6B700584271 /* SuperCardTests.xctest */;
			productType = "com.apple.product-type.bundle.unit-test";
		};
/* End PBXNativeTarget section */

/* Begin PBXProject section */
		01B960431857D6B700584271 /* Project object */ = {
			isa = PBXProject;
			attributes = {
				LastUpgradeCheck = 0500;
				ORGANIZATIONNAME = "Jiasheng Zhou";
				TargetAttributes = {
					01B9606B1857D6B700584271 = {
						TestTargetID = 01B9604A1857D6B700584271;
					};
				};
			};
			buildConfigurationList = 01B960461857D6B700584271 /* Build configuration list for PBXProject "SuperCard" */;
			compatibilityVersion = "Xcode 3.2";
			developmentRegion = English;
			hasScannedForEncodings = 0;
			knownRegions = (
				en,
				Base,
			);
			mainGroup = 01B960421857D6B700584271;
			productRefGroup = 01B9604C1857D6B700584271 /* Products */;
			projectDirPath = "";
			projectRoot = "";
			targets = (
				01B9604A1857D6B700584271 /* SuperCard */,
				01B9606B1857D6B700584271 /* SuperCardTests */,
			);
		};
/* End PBXProject section */

/* Begin PBXResourcesBuildPhase section */
		01B960491857D6B700584271 /* Resources */ = {
			isa = PBXResourcesBuildPhase;
			buildActionMask = 2147483647;
			files = (
				01B960671857D6B700584271 /* Images.xcassets in Resources */,
				01B960591857D6B700584271 /* InfoPlist.strings in Resources */,
				01B960621857D6B700584271 /* Main.storyboard in Resources */,
			);
			runOnlyForDeploymentPostprocessing = 0;
		};
		01B9606A1857D6B700584271 /* Resources */ = {
			isa = PBXResourcesBuildPhase;
			buildActionMask = 2147483647;
			files = (
				01B960781857D6B700584271 /* InfoPlist.strings in Resources */,
			);
			runOnlyForDeploymentPostprocessing = 0;
		};
/* End PBXResourcesBuildPhase section */

/* Begin PBXSourcesBuildPhase section */
		01B960471857D6B700584271 /* Sources */ = {
			isa = PBXSourcesBuildPhase;
			buildActionMask = 2147483647;
			files = (
				01B960651857D6B700584271 /* ViewController.m in Sources */,
				01B960851857D6E300584271 /* PlayingCardView.m in Sources */,
				01B9605F1857D6B700584271 /* AppDelegate.m in Sources */,
				01B9605B1857D6B700584271 /* main.m in Sources */,
			);
			runOnlyForDeploymentPostprocessing = 0;
		};
		01B960681857D6B700584271 /* Sources */ = {
			isa = PBXSourcesBuildPhase;
			buildActionMask = 2147483647;
			files = (
				01B9607A1857D6B700584271 /* SuperCardTests.m in Sources */,
			);
			runOnlyForDeploymentPostprocessing = 0;
		};
/* End PBXSourcesBuildPhase section */

/* Begin PBXTargetDependency section */
		01B960721857D6B700584271 /* PBXTargetDependency */ = {
			isa = PBXTargetDependency;
			target = 01B9604A1857D6B700584271 /* SuperCard */;
			targetProxy = 01B960711857D6B700584271 /* PBXContainerItemProxy */;
		};
/* End PBXTargetDependency section */

/* Begin PBXVariantGroup section */
		01B960571857D6B700584271 /* InfoPlist.strings */ = {
			isa = PBXVariantGroup;
			children = (
				01B960581857D6B700584271 /* en */,
			);
			name = InfoPlist.strings;
			sourceTree = "<group>";
		};
		01B960601857D6B700584271 /* Main.storyboard */ = {
			isa = PBXVariantGroup;
			children = (
				01B960611857D6B700584271 /* Base */,
			);
			name = Main.storyboard;
			sourceTree = "<group>";
		};
		01B960761857D6B700584271 /* InfoPlist.strings */ = {
			isa = PBXVariantGroup;
			children = (
				01B960771857D6B700584271 /* en */,
			);
			name = InfoPlist.strings;
			sourceTree = "<group>";
		};
/* End PBXVariantGroup section */

/* Begin XCBuildConfiguration section */
		01B9607B1857D6B700584271 /* Debug */ = {
			isa = XCBuildConfiguration;
			buildSettings = {
				ALWAYS_SEARCH_USER_PATHS = NO;
				ARCHS = "$(ARCHS_STANDARD_INCLUDING_64_BIT)";
				CLANG_CXX_LANGUAGE_STANDARD = "gnu++0x";
				CLANG_CXX_LIBRARY = "libc++";
				CLANG_ENABLE_MODULES = YES;
				CLANG_ENABLE_OBJC_ARC = YES;
				CLANG_WARN_BOOL_CONVERSION = YES;
				CLANG_WARN_CONSTANT_CONVERSION = YES;
				CLANG_WARN_DIRECT_OBJC_ISA_USAGE = YES_ERROR;
				CLANG_WARN_EMPTY_BODY = YES;
				CLANG_WARN_ENUM_CONVERSION = YES;
				CLANG_WARN_INT_CONVERSION = YES;
				CLANG_WARN_OBJC_ROOT_CLASS = YES_ERROR;
				CLANG_WARN__DUPLICATE_METHOD_MATCH = YES;
				"CODE_SIGN_IDENTITY[sdk=iphoneos*]" = "iPhone Developer";
				COPY_PHASE_STRIP = NO;
				GCC_C_LANGUAGE_STANDARD = gnu99;
				GCC_DYNAMIC_NO_PIC = NO;
				GCC_OPTIMIZATION_LEVEL = 0;
				GCC_PREPROCESSOR_DEFINITIONS = (
					"DEBUG=1",
					"$(inherited)",
				);
				GCC_SYMBOLS_PRIVATE_EXTERN = NO;
				GCC_WARN_64_TO_32_BIT_CONVERSION = YES;
				GCC_WARN_ABOUT_RETURN_TYPE = YES_ERROR;
				GCC_WARN_UNDECLARED_SELECTOR = YES;
				GCC_WARN_UNINITIALIZED_AUTOS = YES;
				GCC_WARN_UNUSED_FUNCTION = YES;
				GCC_WARN_UNUSED_VARIABLE = YES;
				IPHONEOS_DEPLOYMENT_TARGET = 7.0;
				ONLY_ACTIVE_ARCH = YES;
				SDKROOT = iphoneos;
			};
			name = Debug;
		};
		01B9607C1857D6B700584271 /* Release */ = {
			isa = XCBuildConfiguration;
			buildSettings = {
				ALWAYS_SEARCH_USER_PATHS = NO;
				ARCHS = "$(ARCHS_STANDARD_INCLUDING_64_BIT)";
				CLANG_CXX_LANGUAGE_STANDARD = "gnu++0x";
				CLANG_CXX_LIBRARY = "libc++";
				CLANG_ENABLE_MODULES = YES;
				CLANG_ENABLE_OBJC_ARC = YES;
				CLANG_WARN_BOOL_CONVERSION = YES;
				CLANG_WARN_CONSTANT_CONVERSION = YES;
				CLANG_WARN_DIRECT_OBJC_ISA_USAGE = YES_ERROR;
				CLANG_WARN_EMPTY_BODY = YES;
				CLANG_WARN_ENUM_CONVERSION = YES;
				CLANG_WARN_INT_CONVERSION = YES;
				CLANG_WARN_OBJC_ROOT_CLASS = YES_ERROR;
				CLANG_WARN__DUPLICATE_METHOD_MATCH = YES;
				"CODE_SIGN_IDENTITY[sdk=iphoneos*]" = "iPhone Developer";
				COPY_PHASE_STRIP = YES;
				ENABLE_NS_ASSERTIONS = NO;
				GCC_C_LANGUAGE_STANDARD = gnu99;
				GCC_WARN_64_TO_32_BIT_CONVERSION = YES;
				GCC_WARN_ABOUT_RETURN_TYPE = YES_ERROR;
				GCC_WARN_UNDECLARED_SELECTOR = YES;
				GCC_WARN_UNINITIALIZED_AUTOS = YES;
				GCC_WARN_UNUSED_FUNCTION = YES;
				GCC_WARN_UNUSED_VARIABLE = YES;
				IPHONEOS_DEPLOYMENT_TARGET = 7.0;
				SDKROOT = iphoneos;
				VALIDATE_PRODUCT = YES;
			};
			name = Release;
		};
		01B9607E1857D6B700584271 /* Debug */ = {
			isa = XCBuildConfiguration;
			buildSettings = {
				ASSETCATALOG_COMPILER_APPICON_NAME = AppIcon;
				ASSETCATALOG_COMPILER_LAUNCHIMAGE_NAME = LaunchImage;
				GCC_PRECOMPILE_PREFIX_HEADER = YES;
				GCC_PREFIX_HEADER = "SuperCard/SuperCard-Prefix.pch";
				INFOPLIST_FILE = "SuperCard/SuperCard-Info.plist";
				PRODUCT_NAME = "$(TARGET_NAME)";
				WRAPPER_EXTENSION = app;
			};
			name = Debug;
		};
		01B9607F1857D6B700584271 /* Release */ = {
			isa = XCBuildConfiguration;
			buildSettings = {
				ASSETCATALOG_COMPILER_APPICON_NAME = AppIcon;
				ASSETCATALOG_COMPILER_LAUNCHIMAGE_NAME = LaunchImage;
				GCC_PRECOMPILE_PREFIX_HEADER = YES;
				GCC_PREFIX_HEADER = "SuperCard/SuperCard-Prefix.pch";
				INFOPLIST_FILE = "SuperCard/SuperCard-Info.plist";
				PRODUCT_NAME = "$(TARGET_NAME)";
				WRAPPER_EXTENSION = app;
			};
			name = Release;
		};
		01B960811857D6B700584271 /* Debug */ = {
			isa = XCBuildConfiguration;
			buildSettings = {
				ARCHS = "$(ARCHS_STANDARD_INCLUDING_64_BIT)";
				BUNDLE_LOADER = "$(BUILT_PRODUCTS_DIR)/SuperCard.app/SuperCard";
				FRAMEWORK_SEARCH_PATHS = (
					"$(SDKROOT)/Developer/Library/Frameworks",
					"$(inherited)",
					"$(DEVELOPER_FRAMEWORKS_DIR)",
				);
				GCC_PRECOMPILE_PREFIX_HEADER = YES;
				GCC_PREFIX_HEADER = "SuperCard/SuperCard-Prefix.pch";
				GCC_PREPROCESSOR_DEFINITIONS = (
					"DEBUG=1",
					"$(inherited)",
				);
				INFOPLIST_FILE = "SuperCardTests/SuperCardTests-Info.plist";
				PRODUCT_NAME = "$(TARGET_NAME)";
				TEST_HOST = "$(BUNDLE_LOADER)";
				WRAPPER_EXTENSION = xctest;
			};
			name = Debug;
		};
		01B960821857D6B700584271 /* Release */ = {
			isa = XCBuildConfiguration;
			buildSettings = {
				ARCHS = "$(ARCHS_STANDARD_INCLUDING_64_BIT)";
				BUNDLE_LOADER = "$(BUILT_PRODUCTS_DIR)/SuperCard.app/SuperCard";
				FRAMEWORK_SEARCH_PATHS = (
					"$(SDKROOT)/Developer/Library/Frameworks",
					"$(inherited)",
					"$(DEVELOPER_FRAMEWORKS_DIR)",
				);
				GCC_PRECOMPILE_PREFIX_HEADER = YES;
				GCC_PREFIX_HEADER = "SuperCard/SuperCard-Prefix.pch";
				INFOPLIST_FILE = "SuperCardTests/SuperCardTests-Info.plist";
				PRODUCT_NAME = "$(TARGET_NAME)";
				TEST_HOST = "$(BUNDLE_LOADER)";
				WRAPPER_EXTENSION = xctest;
			};
			name = Release;
		};
/* End XCBuildConfiguration section */

/* Begin XCConfigurationList section */
		01B960461857D6B700584271 /* Build configuration list for PBXProject "SuperCard" */ = {
			isa = XCConfigurationList;
			buildConfigurations = (
				01B9607B1857D6B700584271 /* Debug */,
				01B9607C1857D6B700584271 /* Release */,
			);
			defaultConfigurationIsVisible = 0;
			defaultConfigurationName = Release;
		};
		01B9607D1857D6B700584271 /* Build configuration list for PBXNativeTarget "SuperCard" */ = {
			isa = XCConfigurationList;
			buildConfigurations = (
				01B9607E1857D6B700584271 /* Debug */,
				01B9607F1857D6B700584271 /* Release */,
			);
			defaultConfigurationIsVisible = 0;
		};
		01B960801857D6B700584271 /* Build configuration list for PBXNativeTarget "SuperCardTests" */ = {
			isa = XCConfigurationList;
			buildConfigurations = (
				01B960811857D6B700584271 /* Debug */,
				01B960821857D6B700584271 /* Release */,
			);
			defaultConfigurationIsVisible = 0;
		};
/* End XCConfigurationList section */
	};
	rootObject = 01B960431857D6B700584271 /* Project object */;
}
